# Generated by make_manifest.py from the live interpreter that produced
# the results in retrain/results_v2. Appendix A of the manuscript must
# quote these versions exactly.
# python 3.11.15
matplotlib==3.10.9
numpy==2.4.4
pandas==3.0.2
scikit-learn==1.8.0
scipy==1.17.1
torch==2.14.0+cu130
# ultralytics: not installed
